{
  "name": "chatExperiment",
  "lockfileVersion": 2,
  "requires": true,
  "packages": {
    "": {
      "dependencies": {
        "reactime": "^3.1.1"
      }
    },
    "node_modules/acorn": {
      "version": "7.4.1",
      "resolved": "https://registry.npmjs.org/acorn/-/acorn-7.4.1.tgz",
      "integrity": "sha512-nQyp0o1/mNdbTO1PO6kHkwSrmgZ0MT/jCCpNiwbUjGoRN4dlBhqJtoQuCnEOKzgTVwg0ZWiCoQy6SxMebQVh8A==",
      "bin": {
        "acorn": "bin/acorn"
      },
      "engines": {
        "node": ">=0.4.0"
      }
    },
    "node_modules/acorn-jsx": {
      "version": "5.3.2",
      "resolved": "https://registry.npmjs.org/acorn-jsx/-/acorn-jsx-5.3.2.tgz",
      "integrity": "sha512-rq9s+JNhf0IChjtDXxllJ7g41oZk5SlXtp0LHwyA5cejwn7vKmKp4pPri6YEePv2PU65sAsegbXtIinmDFDXgQ==",
      "peerDependencies": {
        "acorn": "^6.0.0 || ^7.0.0 || ^8.0.0"
      }
    },
    "node_modules/reactime": {
      "version": "3.1.1",
      "resolved": "https://registry.npmjs.org/reactime/-/reactime-3.1.1.tgz",
      "integrity": "sha512-2WHap/v2zrL36H0oDZ0wrsip0zYXffttNIIkXz7t5LCTlxbzrujlAbjR1Iai9MvAqCwlUvldW6sj1UXDR6gqlQ==",
      "deprecated": "Package no longer supported. Please download directly from the Chrome Store https://chrome.google.com/webstore/detail/reactime/cgibknllccemdnfhfpmjhffpjfeidjga?hl=en-US",
      "dependencies": {
        "acorn": "^7.1.0",
        "acorn-jsx": "^5.0.2"
      },
      "peerDependencies": {
        "react": "~16.0.0",
        "react-dom": "~16.0.0"
      }
    }
  },
  "dependencies": {
    "acorn": {
      "version": "7.4.1",
      "resolved": "https://registry.npmjs.org/acorn/-/acorn-7.4.1.tgz",
      "integrity": "sha512-nQyp0o1/mNdbTO1PO6kHkwSrmgZ0MT/jCCpNiwbUjGoRN4dlBhqJtoQuCnEOKzgTVwg0ZWiCoQy6SxMebQVh8A=="
    },
    "acorn-jsx": {
      "version": "5.3.2",
      "resolved": "https://registry.npmjs.org/acorn-jsx/-/acorn-jsx-5.3.2.tgz",
      "integrity": "sha512-rq9s+JNhf0IChjtDXxllJ7g41oZk5SlXtp0LHwyA5cejwn7vKmKp4pPri6YEePv2PU65sAsegbXtIinmDFDXgQ=="
    },
    "reactime": {
      "version": "3.1.1",
      "resolved": "https://registry.npmjs.org/reactime/-/reactime-3.1.1.tgz",
      "integrity": "sha512-2WHap/v2zrL36H0oDZ0wrsip0zYXffttNIIkXz7t5LCTlxbzrujlAbjR1Iai9MvAqCwlUvldW6sj1UXDR6gqlQ==",
      "requires": {
        "acorn": "^7.1.0",
        "acorn-jsx": "^5.0.2"
      }
    }
  }
}
